// !$*UTF8*$!
{
	archiveVersion = 1;
	classes = {
	};
	objectVersion = 55;
	objects = {

/* Begin PBXBuildFile section */
		893FC3CA27C6A2E6004C6FED /* AppDelegate.swift in Sources */ = {isa = PBXBuildFile; fileRef = 893FC3C927C6A2E6004C6FED /* AppDelegate.swift */; };
		893FC3CC27C6A2E6004C6FED /* SceneDelegate.swift in Sources */ = {isa = PBXBuildFile; fileRef = 893FC3CB27C6A2E6004C6FED /* SceneDelegate.swift */; };
		893FC3D327C6A2E7004C6FED /* Assets.xcassets in Resources */ = {isa = PBXBuildFile; fileRef = 893FC3D227C6A2E7004C6FED /* Assets.xcassets */; };
		893FC3D627C6A2E7004C6FED /* LaunchScreen.storyboard in Resources */ = {isa = PBXBuildFile; fileRef = 893FC3D427C6A2E7004C6FED /* LaunchScreen.storyboard */; };
		894E368127C6AE6600FA8446 /* LoginViewController.swift in Sources */ = {isa = PBXBuildFile; fileRef = 894E368027C6AE6600FA8446 /* LoginViewController.swift */; };
		894E368527C6AEBA00FA8446 /* User.swift in Sources */ = {isa = PBXBuildFile; fileRef = 894E368427C6AEBA00FA8446 /* User.swift */; };
		894E368727C6AF0900FA8446 /* LoginViewModel.swift in Sources */ = {isa = PBXBuildFile; fileRef = 894E368627C6AF0900FA8446 /* LoginViewModel.swift */; };
		894E368927C6AF1600FA8446 /* RegisterViewController.swift in Sources */ = {isa = PBXBuildFile; fileRef = 894E368827C6AF1600FA8446 /* RegisterViewController.swift */; };
		894E368B27C6AF2000FA8446 /* RegisterViewModel.swift in Sources */ = {isa = PBXBuildFile; fileRef = 894E368A27C6AF2000FA8446 /* RegisterViewModel.swift */; };
		894E369027C6B64C00FA8446 /* InputViewSetup.swift in Sources */ = {isa = PBXBuildFile; fileRef = 894E368F27C6B64C00FA8446 /* InputViewSetup.swift */; };
		894E369327C6B6DB00FA8446 /* Enums.swift in Sources */ = {isa = PBXBuildFile; fileRef = 894E369227C6B6DB00FA8446 /* Enums.swift */; };
		894E369627C6C82800FA8446 /* Coordinator.swift in Sources */ = {isa = PBXBuildFile; fileRef = 894E369527C6C82800FA8446 /* Coordinator.swift */; };
		894E369827C6C83300FA8446 /* MainCoordinator.swift in Sources */ = {isa = PBXBuildFile; fileRef = 894E369727C6C83300FA8446 /* MainCoordinator.swift */; };
		894E369A27C6CDB800FA8446 /* CustomButtonSetup.swift in Sources */ = {isa = PBXBuildFile; fileRef = 894E369927C6CDB800FA8446 /* CustomButtonSetup.swift */; };
		EBB0339827C6DF96008A9258 /* FormViewController.swift in Sources */ = {isa = PBXBuildFile; fileRef = EBB0339727C6DF96008A9258 /* FormViewController.swift */; };
		EBB0339A27C6DFA7008A9258 /* HeaderViewController.swift in Sources */ = {isa = PBXBuildFile; fileRef = EBB0339927C6DFA7008A9258 /* HeaderViewController.swift */; };
		EBB0339D27C6E478008A9258 /* FormViewProtocol.swift in Sources */ = {isa = PBXBuildFile; fileRef = EBB0339C27C6E478008A9258 /* FormViewProtocol.swift */; };
/* End PBXBuildFile section */

/* Begin PBXFileReference section */
		893FC3C627C6A2E6004C6FED /* LoginScreen.app */ = {isa = PBXFileReference; explicitFileType = wrapper.application; includeInIndex = 0; path = LoginScreen.app; sourceTree = BUILT_PRODUCTS_DIR; };
		893FC3C927C6A2E6004C6FED /* AppDelegate.swift */ = {isa = PBXFileReference; lastKnownFileType = sourcecode.swift; path = AppDelegate.swift; sourceTree = "<group>"; };
		893FC3CB27C6A2E6004C6FED /* SceneDelegate.swift */ = {isa = PBXFileReference; lastKnownFileType = sourcecode.swift; path = SceneDelegate.swift; sourceTree = "<group>"; };
		893FC3D227C6A2E7004C6FED /* Assets.xcassets */ = {isa = PBXFileReference; lastKnownFileType = folder.assetcatalog; path = Assets.xcassets; sourceTree = "<group>"; };
		893FC3D527C6A2E7004C6FED /* Base */ = {isa = PBXFileReference; lastKnownFileType = file.storyboard; name = Base; path = Base.lproj/LaunchScreen.storyboard; sourceTree = "<group>"; };
		893FC3D727C6A2E7004C6FED /* Info.plist */ = {isa = PBXFileReference; lastKnownFileType = text.plist.xml; path = Info.plist; sourceTree = "<group>"; };
		894E368027C6AE6600FA8446 /* LoginViewController.swift */ = {isa = PBXFileReference; lastKnownFileType = sourcecode.swift; path = LoginViewController.swift; sourceTree = "<group>"; };
		894E368427C6AEBA00FA8446 /* User.swift */ = {isa = PBXFileReference; lastKnownFileType = sourcecode.swift; path = User.swift; sourceTree = "<group>"; };
		894E368627C6AF0900FA8446 /* LoginViewModel.swift */ = {isa = PBXFileReference; lastKnownFileType = sourcecode.swift; path = LoginViewModel.swift; sourceTree = "<group>"; };
		894E368827C6AF1600FA8446 /* RegisterViewController.swift */ = {isa = PBXFileReference; lastKnownFileType = sourcecode.swift; path = RegisterViewController.swift; sourceTree = "<group>"; };
		894E368A27C6AF2000FA8446 /* RegisterViewModel.swift */ = {isa = PBXFileReference; lastKnownFileType = sourcecode.swift; path = RegisterViewModel.swift; sourceTree = "<group>"; };
		894E368F27C6B64C00FA8446 /* InputViewSetup.swift */ = {isa = PBXFileReference; lastKnownFileType = sourcecode.swift; path = InputViewSetup.swift; sourceTree = "<group>"; };
		894E369227C6B6DB00FA8446 /* Enums.swift */ = {isa = PBXFileReference; lastKnownFileType = sourcecode.swift; path = Enums.swift; sourceTree = "<group>"; };
		894E369527C6C82800FA8446 /* Coordinator.swift */ = {isa = PBXFileReference; lastKnownFileType = sourcecode.swift; path = Coordinator.swift; sourceTree = "<group>"; };
		894E369727C6C83300FA8446 /* MainCoordinator.swift */ = {isa = PBXFileReference; lastKnownFileType = sourcecode.swift; path = MainCoordinator.swift; sourceTree = "<group>"; };
		894E369927C6CDB800FA8446 /* CustomButtonSetup.swift */ = {isa = PBXFileReference; lastKnownFileType = sourcecode.swift; path = CustomButtonSetup.swift; sourceTree = "<group>"; };
		EBB0339727C6DF96008A9258 /* FormViewController.swift */ = {isa = PBXFileReference; lastKnownFileType = sourcecode.swift; path = FormViewController.swift; sourceTree = "<group>"; };
		EBB0339927C6DFA7008A9258 /* HeaderViewController.swift */ = {isa = PBXFileReference; lastKnownFileType = sourcecode.swift; path = HeaderViewController.swift; sourceTree = "<group>"; };
		EBB0339C27C6E478008A9258 /* FormViewProtocol.swift */ = {isa = PBXFileReference; lastKnownFileType = sourcecode.swift; path = FormViewProtocol.swift; sourceTree = "<group>"; };
/* End PBXFileReference section */

/* Begin PBXFrameworksBuildPhase section */
		893FC3C327C6A2E6004C6FED /* Frameworks */ = {
			isa = PBXFrameworksBuildPhase;
			buildActionMask = 2147483647;
			files = (
			);
			runOnlyForDeploymentPostprocessing = 0;
		};
/* End PBXFrameworksBuildPhase section */

/* Begin PBXGroup section */
		893FC3BD27C6A2E5004C6FED = {
			isa = PBXGroup;
			children = (
				893FC3C827C6A2E6004C6FED /* LoginScreen */,
				893FC3C727C6A2E6004C6FED /* Products */,
			);
			sourceTree = "<group>";
		};
		893FC3C727C6A2E6004C6FED /* Products */ = {
			isa = PBXGroup;
			children = (
				893FC3C627C6A2E6004C6FED /* LoginScreen.app */,
			);
			name = Products;
			sourceTree = "<group>";
		};
		893FC3C827C6A2E6004C6FED /* LoginScreen */ = {
			isa = PBXGroup;
			children = (
				EBB0339B27C6E455008A9258 /* Interfaces */,
				894E368E27C6B61E00FA8446 /* Helpers */,
				894E368C27C6AF3200FA8446 /* Core */,
				894E367F27C6AE4C00FA8446 /* Screens */,
				894E369427C6C80400FA8446 /* Coordinator */,
				894E367E27C6AE4600FA8446 /* Model */,
				894E368D27C6AF3C00FA8446 /* Resources */,
				893FC3D727C6A2E7004C6FED /* Info.plist */,
			);
			path = LoginScreen;
			sourceTree = "<group>";
		};
		894E367E27C6AE4600FA8446 /* Model */ = {
			isa = PBXGroup;
			children = (
				894E368427C6AEBA00FA8446 /* User.swift */,
			);
			path = Model;
			sourceTree = "<group>";
		};
		894E367F27C6AE4C00FA8446 /* Screens */ = {
			isa = PBXGroup;
			children = (
				894E368327C6AEA800FA8446 /* Sign Up */,
				894E368227C6AE9C00FA8446 /* Sign In */,
			);
			path = Screens;
			sourceTree = "<group>";
		};
		894E368227C6AE9C00FA8446 /* Sign In */ = {
			isa = PBXGroup;
			children = (
				EBB0339627C6DF6C008A9258 /* Header */,
				EBB0339527C6DF5A008A9258 /* Form */,
				894E368027C6AE6600FA8446 /* LoginViewController.swift */,
				894E368627C6AF0900FA8446 /* LoginViewModel.swift */,
			);
			path = "Sign In";
			sourceTree = "<group>";
		};
		894E368327C6AEA800FA8446 /* Sign Up */ = {
			isa = PBXGroup;
			children = (
				894E368827C6AF1600FA8446 /* RegisterViewController.swift */,
				894E368A27C6AF2000FA8446 /* RegisterViewModel.swift */,
			);
			path = "Sign Up";
			sourceTree = "<group>";
		};
		894E368C27C6AF3200FA8446 /* Core */ = {
			isa = PBXGroup;
			children = (
				893FC3C927C6A2E6004C6FED /* AppDelegate.swift */,
				893FC3CB27C6A2E6004C6FED /* SceneDelegate.swift */,
			);
			path = Core;
			sourceTree = "<group>";
		};
		894E368D27C6AF3C00FA8446 /* Resources */ = {
			isa = PBXGroup;
			children = (
				893FC3D227C6A2E7004C6FED /* Assets.xcassets */,
				893FC3D427C6A2E7004C6FED /* LaunchScreen.storyboard */,
			);
			path = Resources;
			sourceTree = "<group>";
		};
		894E368E27C6B61E00FA8446 /* Helpers */ = {
			isa = PBXGroup;
			children = (
				894E369127C6B6D000FA8446 /* Enums */,
				894E368F27C6B64C00FA8446 /* InputViewSetup.swift */,
				894E369927C6CDB800FA8446 /* CustomButtonSetup.swift */,
			);
			path = Helpers;
			sourceTree = "<group>";
		};
		894E369127C6B6D000FA8446 /* Enums */ = {
			isa = PBXGroup;
			children = (
				894E369227C6B6DB00FA8446 /* Enums.swift */,
			);
			path = Enums;
			sourceTree = "<group>";
		};
		894E369427C6C80400FA8446 /* Coordinator */ = {
			isa = PBXGroup;
			children = (
				894E369527C6C82800FA8446 /* Coordinator.swift */,
				894E369727C6C83300FA8446 /* MainCoordinator.swift */,
			);
			path = Coordinator;
			sourceTree = "<group>";
		};
		EBB0339527C6DF5A008A9258 /* Form */ = {
			isa = PBXGroup;
			children = (
				EBB0339727C6DF96008A9258 /* FormViewController.swift */,
			);
			path = Form;
			sourceTree = "<group>";
		};
		EBB0339627C6DF6C008A9258 /* Header */ = {
			isa = PBXGroup;
			children = (
				EBB0339927C6DFA7008A9258 /* HeaderViewController.swift */,
			);
			path = Header;
			sourceTree = "<group>";
		};
		EBB0339B27C6E455008A9258 /* Interfaces */ = {
			isa = PBXGroup;
			children = (
				EBB0339C27C6E478008A9258 /* FormViewProtocol.swift */,
			);
			path = Interfaces;
			sourceTree = "<group>";
		};
/* End PBXGroup section */

/* Begin PBXNativeTarget section */
		893FC3C527C6A2E6004C6FED /* LoginScreen */ = {
			isa = PBXNativeTarget;
			buildConfigurationList = 893FC3DA27C6A2E7004C6FED /* Build configuration list for PBXNativeTarget "LoginScreen" */;
			buildPhases = (
				893FC3C227C6A2E6004C6FED /* Sources */,
				893FC3C327C6A2E6004C6FED /* Frameworks */,
				893FC3C427C6A2E6004C6FED /* Resources */,
			);
			buildRules = (
			);
			dependencies = (
			);
			name = LoginScreen;
			productName = LoginScreen;
			productReference = 893FC3C627C6A2E6004C6FED /* LoginScreen.app */;
			productType = "com.apple.product-type.application";
		};
/* End PBXNativeTarget section */

/* Begin PBXProject section */
		893FC3BE27C6A2E5004C6FED /* Project object */ = {
			isa = PBXProject;
			attributes = {
				BuildIndependentTargetsInParallel = 1;
				LastSwiftUpdateCheck = 1320;
				LastUpgradeCheck = 1320;
				TargetAttributes = {
					893FC3C527C6A2E6004C6FED = {
						CreatedOnToolsVersion = 13.2.1;
					};
				};
			};
			buildConfigurationList = 893FC3C127C6A2E5004C6FED /* Build configuration list for PBXProject "LoginScreen" */;
			compatibilityVersion = "Xcode 13.0";
			developmentRegion = en;
			hasScannedForEncodings = 0;
			knownRegions = (
				en,
				Base,
			);
			mainGroup = 893FC3BD27C6A2E5004C6FED;
			productRefGroup = 893FC3C727C6A2E6004C6FED /* Products */;
			projectDirPath = "";
			projectRoot = "";
			targets = (
				893FC3C527C6A2E6004C6FED /* LoginScreen */,
			);
		};
/* End PBXProject section */

/* Begin PBXResourcesBuildPhase section */
		893FC3C427C6A2E6004C6FED /* Resources */ = {
			isa = PBXResourcesBuildPhase;
			buildActionMask = 2147483647;
			files = (
				893FC3D627C6A2E7004C6FED /* LaunchScreen.storyboard in Resources */,
				893FC3D327C6A2E7004C6FED /* Assets.xcassets in Resources */,
			);
			runOnlyForDeploymentPostprocessing = 0;
		};
/* End PBXResourcesBuildPhase section */

/* Begin PBXSourcesBuildPhase section */
		893FC3C227C6A2E6004C6FED /* Sources */ = {
			isa = PBXSourcesBuildPhase;
			buildActionMask = 2147483647;
			files = (
				EBB0339D27C6E478008A9258 /* FormViewProtocol.swift in Sources */,
				894E368527C6AEBA00FA8446 /* User.swift in Sources */,
				EBB0339A27C6DFA7008A9258 /* HeaderViewController.swift in Sources */,
				894E368127C6AE6600FA8446 /* LoginViewController.swift in Sources */,
				894E369627C6C82800FA8446 /* Coordinator.swift in Sources */,
				894E368B27C6AF2000FA8446 /* RegisterViewModel.swift in Sources */,
				894E369027C6B64C00FA8446 /* InputViewSetup.swift in Sources */,
				894E369A27C6CDB800FA8446 /* CustomButtonSetup.swift in Sources */,
				894E369827C6C83300FA8446 /* MainCoordinator.swift in Sources */,
				893FC3CA27C6A2E6004C6FED /* AppDelegate.swift in Sources */,
				894E368927C6AF1600FA8446 /* RegisterViewController.swift in Sources */,
				894E368727C6AF0900FA8446 /* LoginViewModel.swift in Sources */,
				894E369327C6B6DB00FA8446 /* Enums.swift in Sources */,
				893FC3CC27C6A2E6004C6FED /* SceneDelegate.swift in Sources */,
				EBB0339827C6DF96008A9258 /* FormViewController.swift in Sources */,
			);
			runOnlyForDeploymentPostprocessing = 0;
		};
/* End PBXSourcesBuildPhase section */

/* Begin PBXVariantGroup section */
		893FC3D427C6A2E7004C6FED /* LaunchScreen.storyboard */ = {
			isa = PBXVariantGroup;
			children = (
				893FC3D527C6A2E7004C6FED /* Base */,
			);
			name = LaunchScreen.storyboard;
			sourceTree = "<group>";
		};
/* End PBXVariantGroup section */

/* Begin XCBuildConfiguration section */
		893FC3D827C6A2E7004C6FED /* Debug */ = {
			isa = XCBuildConfiguration;
			buildSettings = {
				ALWAYS_SEARCH_USER_PATHS = NO;
				CLANG_ANALYZER_NONNULL = YES;
				CLANG_ANALYZER_NUMBER_OBJECT_CONVERSION = YES_AGGRESSIVE;
				CLANG_CXX_LANGUAGE_STANDARD = "gnu++17";
				CLANG_CXX_LIBRARY = "libc++";
				CLANG_ENABLE_MODULES = YES;
				CLANG_ENABLE_OBJC_ARC = YES;
				CLANG_ENABLE_OBJC_WEAK = YES;
				CLANG_WARN_BLOCK_CAPTURE_AUTORELEASING = YES;
				CLANG_WARN_BOOL_CONVERSION = YES;
				CLANG_WARN_COMMA = YES;
				CLANG_WARN_CONSTANT_CONVERSION = YES;
				CLANG_WARN_DEPRECATED_OBJC_IMPLEMENTATIONS = YES;
				CLANG_WARN_DIRECT_OBJC_ISA_USAGE = YES_ERROR;
				CLANG_WARN_DOCUMENTATION_COMMENTS = YES;
				CLANG_WARN_EMPTY_BODY = YES;
				CLANG_WARN_ENUM_CONVERSION = YES;
				CLANG_WARN_INFINITE_RECURSION = YES;
				CLANG_WARN_INT_CONVERSION = YES;
				CLANG_WARN_NON_LITERAL_NULL_CONVERSION = YES;
				CLANG_WARN_OBJC_IMPLICIT_RETAIN_SELF = YES;
				CLANG_WARN_OBJC_LITERAL_CONVERSION = YES;
				CLANG_WARN_OBJC_ROOT_CLASS = YES_ERROR;
				CLANG_WARN_QUOTED_INCLUDE_IN_FRAMEWORK_HEADER = YES;
				CLANG_WARN_RANGE_LOOP_ANALYSIS = YES;
				CLANG_WARN_STRICT_PROTOTYPES = YES;
				CLANG_WARN_SUSPICIOUS_MOVE = YES;
				CLANG_WARN_UNGUARDED_AVAILABILITY = YES_AGGRESSIVE;
				CLANG_WARN_UNREACHABLE_CODE = YES;
				CLANG_WARN__DUPLICATE_METHOD_MATCH = YES;
				COPY_PHASE_STRIP = NO;
				DEBUG_INFORMATION_FORMAT = dwarf;
				ENABLE_STRICT_OBJC_MSGSEND = YES;
				ENABLE_TESTABILITY = YES;
				GCC_C_LANGUAGE_STANDARD = gnu11;
				GCC_DYNAMIC_NO_PIC = NO;
				GCC_NO_COMMON_BLOCKS = YES;
				GCC_OPTIMIZATION_LEVEL = 0;
				GCC_PREPROCESSOR_DEFINITIONS = (
					"DEBUG=1",
					"$(inherited)",
				);
				GCC_WARN_64_TO_32_BIT_CONVERSION = YES;
				GCC_WARN_ABOUT_RETURN_TYPE = YES_ERROR;
				GCC_WARN_UNDECLARED_SELECTOR = YES;
				GCC_WARN_UNINITIALIZED_AUTOS = YES_AGGRESSIVE;
				GCC_WARN_UNUSED_FUNCTION = YES;
				GCC_WARN_UNUSED_VARIABLE = YES;
				IPHONEOS_DEPLOYMENT_TARGET = 15.2;
				MTL_ENABLE_DEBUG_INFO = INCLUDE_SOURCE;
				MTL_FAST_MATH = YES;
				ONLY_ACTIVE_ARCH = YES;
				SDKROOT = iphoneos;
				SWIFT_ACTIVE_COMPILATION_CONDITIONS = DEBUG;
				SWIFT_OPTIMIZATION_LEVEL = "-Onone";
			};
			name = Debug;
		};
		893FC3D927C6A2E7004C6FED /* Release */ = {
			isa = XCBuildConfiguration;
			buildSettings = {
				ALWAYS_SEARCH_USER_PATHS = NO;
				CLANG_ANALYZER_NONNULL = YES;
				CLANG_ANALYZER_NUMBER_OBJECT_CONVERSION = YES_AGGRESSIVE;
				CLANG_CXX_LANGUAGE_STANDARD = "gnu++17";
				CLANG_CXX_LIBRARY = "libc++";
				CLANG_ENABLE_MODULES = YES;
				CLANG_ENABLE_OBJC_ARC = YES;
				CLANG_ENABLE_OBJC_WEAK = YES;
				CLANG_WARN_BLOCK_CAPTURE_AUTORELEASING = YES;
				CLANG_WARN_BOOL_CONVERSION = YES;
				CLANG_WARN_COMMA = YES;
				CLANG_WARN_CONSTANT_CONVERSION = YES;
				CLANG_WARN_DEPRECATED_OBJC_IMPLEMENTATIONS = YES;
				CLANG_WARN_DIRECT_OBJC_ISA_USAGE = YES_ERROR;
				CLANG_WARN_DOCUMENTATION_COMMENTS = YES;
				CLANG_WARN_EMPTY_BODY = YES;
				CLANG_WARN_ENUM_CONVERSION = YES;
				CLANG_WARN_INFINITE_RECURSION = YES;
				CLANG_WARN_INT_CONVERSION = YES;
				CLANG_WARN_NON_LITERAL_NULL_CONVERSION = YES;
				CLANG_WARN_OBJC_IMPLICIT_RETAIN_SELF = YES;
				CLANG_WARN_OBJC_LITERAL_CONVERSION = YES;
				CLANG_WARN_OBJC_ROOT_CLASS = YES_ERROR;
				CLANG_WARN_QUOTED_INCLUDE_IN_FRAMEWORK_HEADER = YES;
				CLANG_WARN_RANGE_LOOP_ANALYSIS = YES;
				CLANG_WARN_STRICT_PROTOTYPES = YES;
				CLANG_WARN_SUSPICIOUS_MOVE = YES;
				CLANG_WARN_UNGUARDED_AVAILABILITY = YES_AGGRESSIVE;
				CLANG_WARN_UNREACHABLE_CODE = YES;
				CLANG_WARN__DUPLICATE_METHOD_MATCH = YES;
				COPY_PHASE_STRIP = NO;
				DEBUG_INFORMATION_FORMAT = "dwarf-with-dsym";
				ENABLE_NS_ASSERTIONS = NO;
				ENABLE_STRICT_OBJC_MSGSEND = YES;
				GCC_C_LANGUAGE_STANDARD = gnu11;
				GCC_NO_COMMON_BLOCKS = YES;
				GCC_WARN_64_TO_32_BIT_CONVERSION = YES;
				GCC_WARN_ABOUT_RETURN_TYPE = YES_ERROR;
				GCC_WARN_UNDECLARED_SELECTOR = YES;
				GCC_WARN_UNINITIALIZED_AUTOS = YES_AGGRESSIVE;
				GCC_WARN_UNUSED_FUNCTION = YES;
				GCC_WARN_UNUSED_VARIABLE = YES;
				IPHONEOS_DEPLOYMENT_TARGET = 15.2;
				MTL_ENABLE_DEBUG_INFO = NO;
				MTL_FAST_MATH = YES;
				SDKROOT = iphoneos;
				SWIFT_COMPILATION_MODE = wholemodule;
				SWIFT_OPTIMIZATION_LEVEL = "-O";
				VALIDATE_PRODUCT = YES;
			};
			name = Release;
		};
		893FC3DB27C6A2E7004C6FED /* Debug */ = {
			isa = XCBuildConfiguration;
			buildSettings = {
				ASSETCATALOG_COMPILER_APPICON_NAME = AppIcon;
				ASSETCATALOG_COMPILER_GLOBAL_ACCENT_COLOR_NAME = AccentColor;
				CODE_SIGN_STYLE = Automatic;
				CURRENT_PROJECT_VERSION = 1;
				DEVELOPMENT_TEAM = FZWZGGS7F2;
				GENERATE_INFOPLIST_FILE = YES;
				INFOPLIST_FILE = LoginScreen/Info.plist;
				INFOPLIST_KEY_UIApplicationSupportsIndirectInputEvents = YES;
				INFOPLIST_KEY_UILaunchStoryboardName = LaunchScreen;
				INFOPLIST_KEY_UISupportedInterfaceOrientations_iPad = "UIInterfaceOrientationPortrait UIInterfaceOrientationPortraitUpsideDown UIInterfaceOrientationLandscapeLeft UIInterfaceOrientationLandscapeRight";
				INFOPLIST_KEY_UISupportedInterfaceOrientations_iPhone = "UIInterfaceOrientationPortrait UIInterfaceOrientationLandscapeLeft UIInterfaceOrientationLandscapeRight";
				LD_RUNPATH_SEARCH_PATHS = (
					"$(inherited)",
					"@executable_path/Frameworks",
				);
				MARKETING_VERSION = 1.0;
				PRODUCT_BUNDLE_IDENTIFIER = com.GabrielMoreira.LoginScreen;
				PRODUCT_NAME = "$(TARGET_NAME)";
				SWIFT_EMIT_LOC_STRINGS = YES;
				SWIFT_VERSION = 5.0;
				TARGETED_DEVICE_FAMILY = "1,2";
			};
			name = Debug;
		};
		893FC3DC27C6A2E7004C6FED /* Release */ = {
			isa = XCBuildConfiguration;
			buildSettings = {
				ASSETCATALOG_COMPILER_APPICON_NAME = AppIcon;
				ASSETCATALOG_COMPILER_GLOBAL_ACCENT_COLOR_NAME = AccentColor;
				CODE_SIGN_STYLE = Automatic;
				CURRENT_PROJECT_VERSION = 1;
				DEVELOPMENT_TEAM = FZWZGGS7F2;
				GENERATE_INFOPLIST_FILE = YES;
				INFOPLIST_FILE = LoginScreen/Info.plist;
				INFOPLIST_KEY_UIApplicationSupportsIndirectInputEvents = YES;
				INFOPLIST_KEY_UILaunchStoryboardName = LaunchScreen;
				INFOPLIST_KEY_UISupportedInterfaceOrientations_iPad = "UIInterfaceOrientationPortrait UIInterfaceOrientationPortraitUpsideDown UIInterfaceOrientationLandscapeLeft UIInterfaceOrientationLandscapeRight";
				INFOPLIST_KEY_UISupportedInterfaceOrientations_iPhone = "UIInterfaceOrientationPortrait UIInterfaceOrientationLandscapeLeft UIInterfaceOrientationLandscapeRight";
				LD_RUNPATH_SEARCH_PATHS = (
					"$(inherited)",
					"@executable_path/Frameworks",
				);
				MARKETING_VERSION = 1.0;
				PRODUCT_BUNDLE_IDENTIFIER = com.GabrielMoreira.LoginScreen;
				PRODUCT_NAME = "$(TARGET_NAME)";
				SWIFT_EMIT_LOC_STRINGS = YES;
				SWIFT_VERSION = 5.0;
				TARGETED_DEVICE_FAMILY = "1,2";
			};
			name = Release;
		};
/* End XCBuildConfiguration section */

/* Begin XCConfigurationList section */
		893FC3C127C6A2E5004C6FED /* Build configuration list for PBXProject "LoginScreen" */ = {
			isa = XCConfigurationList;
			buildConfigurations = (
				893FC3D827C6A2E7004C6FED /* Debug */,
				893FC3D927C6A2E7004C6FED /* Release */,
			);
			defaultConfigurationIsVisible = 0;
			defaultConfigurationName = Release;
		};
		893FC3DA27C6A2E7004C6FED /* Build configuration list for PBXNativeTarget "LoginScreen" */ = {
			isa = XCConfigurationList;
			buildConfigurations = (
				893FC3DB27C6A2E7004C6FED /* Debug */,
				893FC3DC27C6A2E7004C6FED /* Release */,
			);
			defaultConfigurationIsVisible = 0;
			defaultConfigurationName = Release;
		};
/* End XCConfigurationList section */
	};
	rootObject = 893FC3BE27C6A2E5004C6FED /* Project object */;
}
